
Microsoft Visual Studio Solution File, Format Version 12.00
# Visual Studio Version 17
VisualStudioVersion = 17.4.33205.214
MinimumVisualStudioVersion = 10.0.40219.1
Project("{888888A0-9F3D-457C-B088-3A5042F75D52}") = "Hw5z1", "Hw5z1.pyproj", "{F033DBDA-4126-4B9A-A76F-83FA38DEC07B}"
EndProject
Global
	GlobalSection(SolutionConfigurationPlatforms) = preSolution
		Debug|Any CPU = Debug|Any CPU
		Release|Any CPU = Release|Any CPU
	EndGlobalSection
	GlobalSection(ProjectConfigurationPlatforms) = postSolution
		{F033DBDA-4126-4B9A-A76F-83FA38DEC07B}.Debug|Any CPU.ActiveCfg = Debug|Any CPU
		{F033DBDA-4126-4B9A-A76F-83FA38DEC07B}.Release|Any CPU.ActiveCfg = Release|Any CPU
	EndGlobalSection
	GlobalSection(SolutionProperties) = preSolution
		HideSolutionNode = FALSE
	EndGlobalSection
	GlobalSection(ExtensibilityGlobals) = postSolution
		SolutionGuid = {14DCC96D-9DFB-4325-B530-C8E83AB22689}
	EndGlobalSection
EndGlobal
